
Microsoft Visual Studio Solution File, Format Version 12.00
# Visual Studio Version 16
VisualStudioVersion = 16.0.31321.278
MinimumVisualStudioVersion = 10.0.40219.1
Project("{FAE04EC0-301F-11D3-BF4B-00C04F79EFBC}") = "KayceesModModifierAPI", "KayceesModModifierAPI.csproj", "{97AA425B-4EBE-4C3F-B28C-D7E8A1D71775}"
EndProject
Global
	GlobalSection(SolutionConfigurationPlatforms) = preSolution
		Debug|Any CPU = Debug|Any CPU
		Release|Any CPU = Release|Any CPU
	EndGlobalSection
	GlobalSection(ProjectConfigurationPlatforms) = postSolution
		{97AA425B-4EBE-4C3F-B28C-D7E8A1D71775}.Debug|Any CPU.ActiveCfg = Debug|Any CPU
		{97AA425B-4EBE-4C3F-B28C-D7E8A1D71775}.Debug|Any CPU.Build.0 = Debug|Any CPU
		{97AA425B-4EBE-4C3F-B28C-D7E8A1D71775}.Release|Any CPU.ActiveCfg = Release|Any CPU
		{97AA425B-4EBE-4C3F-B28C-D7E8A1D71775}.Release|Any CPU.Build.0 = Release|Any CPU
	EndGlobalSection
	GlobalSection(SolutionProperties) = preSolution
		HideSolutionNode = FALSE
	EndGlobalSection
	GlobalSection(ExtensibilityGlobals) = postSolution
		SolutionGuid = {A0ECDD3C-033F-41E7-BD0C-1F2E771A0B95}
	EndGlobalSection
EndGlobal
